
Microsoft Visual Studio Solution File, Format Version 12.00
# Visual Studio Version 16
VisualStudioVersion = 16.0.31424.327
MinimumVisualStudioVersion = 10.0.40219.1
Project("{FAE04EC0-301F-11D3-BF4B-00C04F79EFBC}") = "XYZRetail.Web", "XYZRetail.Web\XYZRetail.Web.csproj", "{876F72FE-6B32-4FEC-ADF6-57C476FD30A8}"
EndProject
Project("{FAE04EC0-301F-11D3-BF4B-00C04F79EFBC}") = "XYZRetail.Core", "XYZRetail.Core\XYZRetail.Core.csproj", "{B9F6EC19-4923-48EC-AFD0-704BCDE5E465}"
EndProject
Project("{FAE04EC0-301F-11D3-BF4B-00C04F79EFBC}") = "XYZRetail.Infrastructure", "XYZRetail.Infrastructure\XYZRetail.Infrastructure.csproj", "{C25484A1-752E-42A0-AD7E-723009C3E23E}"
EndProject
Global
	GlobalSection(SolutionConfigurationPlatforms) = preSolution
		Debug|Any CPU = Debug|Any CPU
		Release|Any CPU = Release|Any CPU
	EndGlobalSection
	GlobalSection(ProjectConfigurationPlatforms) = postSolution
		{876F72FE-6B32-4FEC-ADF6-57C476FD30A8}.Debug|Any CPU.ActiveCfg = Debug|Any CPU
		{876F72FE-6B32-4FEC-ADF6-57C476FD30A8}.Debug|Any CPU.Build.0 = Debug|Any CPU
		{876F72FE-6B32-4FEC-ADF6-57C476FD30A8}.Release|Any CPU.ActiveCfg = Release|Any CPU
		{876F72FE-6B32-4FEC-ADF6-57C476FD30A8}.Release|Any CPU.Build.0 = Release|Any CPU
		{B9F6EC19-4923-48EC-AFD0-704BCDE5E465}.Debug|Any CPU.ActiveCfg = Debug|Any CPU
		{B9F6EC19-4923-48EC-AFD0-704BCDE5E465}.Debug|Any CPU.Build.0 = Debug|Any CPU
		{B9F6EC19-4923-48EC-AFD0-704BCDE5E465}.Release|Any CPU.ActiveCfg = Release|Any CPU
		{B9F6EC19-4923-48EC-AFD0-704BCDE5E465}.Release|Any CPU.Build.0 = Release|Any CPU
		{C25484A1-752E-42A0-AD7E-723009C3E23E}.Debug|Any CPU.ActiveCfg = Debug|Any CPU
		{C25484A1-752E-42A0-AD7E-723009C3E23E}.Debug|Any CPU.Build.0 = Debug|Any CPU
		{C25484A1-752E-42A0-AD7E-723009C3E23E}.Release|Any CPU.ActiveCfg = Release|Any CPU
		{C25484A1-752E-42A0-AD7E-723009C3E23E}.Release|Any CPU.Build.0 = Release|Any CPU
	EndGlobalSection
	GlobalSection(SolutionProperties) = preSolution
		HideSolutionNode = FALSE
	EndGlobalSection
	GlobalSection(ExtensibilityGlobals) = postSolution
		SolutionGuid = {73F7A91D-EE18-40B8-A937-092781B0A528}
	EndGlobalSection
EndGlobal
